// !$*UTF8*$!
{
	archiveVersion = 1;
	classes = {
	};
	objectVersion = 56;
	objects = {

/* Begin PBXBuildFile section */
		C20D9A4A2A32D93700BE2A23 /* category.swift in Sources */ = {isa = PBXBuildFile; fileRef = C20D9A492A32D93700BE2A23 /* category.swift */; };
		C24069D32A3009DF00D8EBEE /* AppDelegate.swift in Sources */ = {isa = PBXBuildFile; fileRef = C24069D22A3009DF00D8EBEE /* AppDelegate.swift */; };
		C24069D52A3009DF00D8EBEE /* SceneDelegate.swift in Sources */ = {isa = PBXBuildFile; fileRef = C24069D42A3009DF00D8EBEE /* SceneDelegate.swift */; };
		C24069D72A3009DF00D8EBEE /* DrinkViewController.swift in Sources */ = {isa = PBXBuildFile; fileRef = C24069D62A3009DF00D8EBEE /* DrinkViewController.swift */; };
		C24069DA2A3009DF00D8EBEE /* Main.storyboard in Resources */ = {isa = PBXBuildFile; fileRef = C24069D82A3009DF00D8EBEE /* Main.storyboard */; };
		C24069DC2A3009E000D8EBEE /* Assets.xcassets in Resources */ = {isa = PBXBuildFile; fileRef = C24069DB2A3009E000D8EBEE /* Assets.xcassets */; };
		C24069DF2A3009E000D8EBEE /* LaunchScreen.storyboard in Resources */ = {isa = PBXBuildFile; fileRef = C24069DD2A3009E000D8EBEE /* LaunchScreen.storyboard */; };
		C24069E92A3037CC00D8EBEE /* DrinkTableViewCell.swift in Sources */ = {isa = PBXBuildFile; fileRef = C24069E82A3037CC00D8EBEE /* DrinkTableViewCell.swift */; };
		C24069EB2A30473000D8EBEE /* Drink.swift in Sources */ = {isa = PBXBuildFile; fileRef = C24069EA2A30473000D8EBEE /* Drink.swift */; };
		C255E08C2A3842E200108FAF /* HeaderView.swift in Sources */ = {isa = PBXBuildFile; fileRef = C255E08B2A3842E200108FAF /* HeaderView.swift */; };
		FC307C232A3743D60038F0B9 /* OrderViewController.swift in Sources */ = {isa = PBXBuildFile; fileRef = FC307C222A3743D60038F0B9 /* OrderViewController.swift */; };
		FC307C272A3746D00038F0B9 /* OrderCollectionViewCell.swift in Sources */ = {isa = PBXBuildFile; fileRef = FC307C262A3746D00038F0B9 /* OrderCollectionViewCell.swift */; };
		FC307C292A3748780038F0B9 /* DrinkController.swift in Sources */ = {isa = PBXBuildFile; fileRef = FC307C282A3748780038F0B9 /* DrinkController.swift */; };
		FC3ED98A2A36014B0064F555 /* DetailViewController.swift in Sources */ = {isa = PBXBuildFile; fileRef = FC3ED9892A36014B0064F555 /* DetailViewController.swift */; };
		FC517AFE2A417B0B00B9F569 /* sizeLevel.swift in Sources */ = {isa = PBXBuildFile; fileRef = FC517AFD2A417B0B00B9F569 /* sizeLevel.swift */; };
		FC517B002A417C9300B9F569 /* sugarLevel.swift in Sources */ = {isa = PBXBuildFile; fileRef = FC517AFF2A417C9300B9F569 /* sugarLevel.swift */; };
		FC517B022A417DE600B9F569 /* iceLevel.swift in Sources */ = {isa = PBXBuildFile; fileRef = FC517B012A417DE600B9F569 /* iceLevel.swift */; };
		FC517B042A4180CB00B9F569 /* jelly.swift in Sources */ = {isa = PBXBuildFile; fileRef = FC517B032A4180CB00B9F569 /* jelly.swift */; };
		FC536EDE2A4D3FD600E55249 /* DeleteController.swift in Sources */ = {isa = PBXBuildFile; fileRef = FC536EDD2A4D3FD600E55249 /* DeleteController.swift */; };
		FC5B3D352A4BE68E008B6ED2 /* UpdateController.swift in Sources */ = {isa = PBXBuildFile; fileRef = FC5B3D342A4BE68E008B6ED2 /* UpdateController.swift */; };
		FC5C6B632A4D7EA6004845EA /* LoginViewController.swift in Sources */ = {isa = PBXBuildFile; fileRef = FC5C6B622A4D7EA6004845EA /* LoginViewController.swift */; };
		FC5C6B652A4D80B3004845EA /* RegistViewController.swift in Sources */ = {isa = PBXBuildFile; fileRef = FC5C6B642A4D80B3004845EA /* RegistViewController.swift */; };
		FC5C6B672A4D80F7004845EA /* User.swift in Sources */ = {isa = PBXBuildFile; fileRef = FC5C6B662A4D80F7004845EA /* User.swift */; };
		FC60C3042A3E09E3007AF272 /* CustomTableViewController.swift in Sources */ = {isa = PBXBuildFile; fileRef = FC60C3032A3E09E3007AF272 /* CustomTableViewController.swift */; };
		FC6ABC662A3ECAB7005BFAA8 /* custom.swift in Sources */ = {isa = PBXBuildFile; fileRef = FC6ABC652A3ECAB7005BFAA8 /* custom.swift */; };
		FC7BDFA42A3063640099B02E /* Kingfisher in Frameworks */ = {isa = PBXBuildFile; productRef = FC7BDFA32A3063640099B02E /* Kingfisher */; };
		FC9A3FA32A428F7B00E16075 /* UploadOrderController.swift in Sources */ = {isa = PBXBuildFile; fileRef = FC9A3FA22A428F7B00E16075 /* UploadOrderController.swift */; };
		FCFE11832A45845E00C8DC27 /* PayTableViewController.swift in Sources */ = {isa = PBXBuildFile; fileRef = FCFE11822A45845E00C8DC27 /* PayTableViewController.swift */; };
		FCFE11852A4589F500C8DC27 /* PaymentTableViewCell.swift in Sources */ = {isa = PBXBuildFile; fileRef = FCFE11842A4589F500C8DC27 /* PaymentTableViewCell.swift */; };
		FCFE118B2A45B68800C8DC27 /* SavedDrinkController.swift in Sources */ = {isa = PBXBuildFile; fileRef = FCFE118A2A45B68800C8DC27 /* SavedDrinkController.swift */; };
/* End PBXBuildFile section */

/* Begin PBXFileReference section */
		C20D9A492A32D93700BE2A23 /* category.swift */ = {isa = PBXFileReference; lastKnownFileType = sourcecode.swift; path = category.swift; sourceTree = "<group>"; };
		C24069CF2A3009DF00D8EBEE /* DrinkApp.app */ = {isa = PBXFileReference; explicitFileType = wrapper.application; includeInIndex = 0; path = DrinkApp.app; sourceTree = BUILT_PRODUCTS_DIR; };
		C24069D22A3009DF00D8EBEE /* AppDelegate.swift */ = {isa = PBXFileReference; lastKnownFileType = sourcecode.swift; path = AppDelegate.swift; sourceTree = "<group>"; };
		C24069D42A3009DF00D8EBEE /* SceneDelegate.swift */ = {isa = PBXFileReference; lastKnownFileType = sourcecode.swift; path = SceneDelegate.swift; sourceTree = "<group>"; };
		C24069D62A3009DF00D8EBEE /* DrinkViewController.swift */ = {isa = PBXFileReference; lastKnownFileType = sourcecode.swift; path = DrinkViewController.swift; sourceTree = "<group>"; };
		C24069D92A3009DF00D8EBEE /* Base */ = {isa = PBXFileReference; lastKnownFileType = file.storyboard; name = Base; path = Base.lproj/Main.storyboard; sourceTree = "<group>"; };
		C24069DB2A3009E000D8EBEE /* Assets.xcassets */ = {isa = PBXFileReference; lastKnownFileType = folder.assetcatalog; path = Assets.xcassets; sourceTree = "<group>"; };
		C24069DE2A3009E000D8EBEE /* Base */ = {isa = PBXFileReference; lastKnownFileType = file.storyboard; name = Base; path = Base.lproj/LaunchScreen.storyboard; sourceTree = "<group>"; };
		C24069E02A3009E000D8EBEE /* Info.plist */ = {isa = PBXFileReference; lastKnownFileType = text.plist.xml; path = Info.plist; sourceTree = "<group>"; };
		C24069E82A3037CC00D8EBEE /* DrinkTableViewCell.swift */ = {isa = PBXFileReference; lastKnownFileType = sourcecode.swift; path = DrinkTableViewCell.swift; sourceTree = "<group>"; };
		C24069EA2A30473000D8EBEE /* Drink.swift */ = {isa = PBXFileReference; lastKnownFileType = sourcecode.swift; path = Drink.swift; sourceTree = "<group>"; };
		C255E08B2A3842E200108FAF /* HeaderView.swift */ = {isa = PBXFileReference; lastKnownFileType = sourcecode.swift; path = HeaderView.swift; sourceTree = "<group>"; };
		FC307C222A3743D60038F0B9 /* OrderViewController.swift */ = {isa = PBXFileReference; lastKnownFileType = sourcecode.swift; path = OrderViewController.swift; sourceTree = "<group>"; };
		FC307C262A3746D00038F0B9 /* OrderCollectionViewCell.swift */ = {isa = PBXFileReference; lastKnownFileType = sourcecode.swift; path = OrderCollectionViewCell.swift; sourceTree = "<group>"; };
		FC307C282A3748780038F0B9 /* DrinkController.swift */ = {isa = PBXFileReference; lastKnownFileType = sourcecode.swift; path = DrinkController.swift; sourceTree = "<group>"; };
		FC3ED9892A36014B0064F555 /* DetailViewController.swift */ = {isa = PBXFileReference; lastKnownFileType = sourcecode.swift; path = DetailViewController.swift; sourceTree = "<group>"; };
		FC517AFD2A417B0B00B9F569 /* sizeLevel.swift */ = {isa = PBXFileReference; lastKnownFileType = sourcecode.swift; path = sizeLevel.swift; sourceTree = "<group>"; };
		FC517AFF2A417C9300B9F569 /* sugarLevel.swift */ = {isa = PBXFileReference; lastKnownFileType = sourcecode.swift; path = sugarLevel.swift; sourceTree = "<group>"; };
		FC517B012A417DE600B9F569 /* iceLevel.swift */ = {isa = PBXFileReference; lastKnownFileType = sourcecode.swift; path = iceLevel.swift; sourceTree = "<group>"; };
		FC517B032A4180CB00B9F569 /* jelly.swift */ = {isa = PBXFileReference; lastKnownFileType = sourcecode.swift; path = jelly.swift; sourceTree = "<group>"; };
		FC536EDD2A4D3FD600E55249 /* DeleteController.swift */ = {isa = PBXFileReference; lastKnownFileType = sourcecode.swift; path = DeleteController.swift; sourceTree = "<group>"; };
		FC5B3D342A4BE68E008B6ED2 /* UpdateController.swift */ = {isa = PBXFileReference; lastKnownFileType = sourcecode.swift; path = UpdateController.swift; sourceTree = "<group>"; };
		FC5C6B622A4D7EA6004845EA /* LoginViewController.swift */ = {isa = PBXFileReference; lastKnownFileType = sourcecode.swift; path = LoginViewController.swift; sourceTree = "<group>"; };
		FC5C6B642A4D80B3004845EA /* RegistViewController.swift */ = {isa = PBXFileReference; lastKnownFileType = sourcecode.swift; path = RegistViewController.swift; sourceTree = "<group>"; };
		FC5C6B662A4D80F7004845EA /* User.swift */ = {isa = PBXFileReference; lastKnownFileType = sourcecode.swift; path = User.swift; sourceTree = "<group>"; };
		FC60C3032A3E09E3007AF272 /* CustomTableViewController.swift */ = {isa = PBXFileReference; lastKnownFileType = sourcecode.swift; path = CustomTableViewController.swift; sourceTree = "<group>"; };
		FC6ABC652A3ECAB7005BFAA8 /* custom.swift */ = {isa = PBXFileReference; lastKnownFileType = sourcecode.swift; path = custom.swift; sourceTree = "<group>"; };
		FC9A3FA22A428F7B00E16075 /* UploadOrderController.swift */ = {isa = PBXFileReference; lastKnownFileType = sourcecode.swift; path = UploadOrderController.swift; sourceTree = "<group>"; };
		FCFE11822A45845E00C8DC27 /* PayTableViewController.swift */ = {isa = PBXFileReference; lastKnownFileType = sourcecode.swift; path = PayTableViewController.swift; sourceTree = "<group>"; };
		FCFE11842A4589F500C8DC27 /* PaymentTableViewCell.swift */ = {isa = PBXFileReference; lastKnownFileType = sourcecode.swift; path = PaymentTableViewCell.swift; sourceTree = "<group>"; };
		FCFE118A2A45B68800C8DC27 /* SavedDrinkController.swift */ = {isa = PBXFileReference; lastKnownFileType = sourcecode.swift; path = SavedDrinkController.swift; sourceTree = "<group>"; };
/* End PBXFileReference section */

/* Begin PBXFrameworksBuildPhase section */
		C24069CC2A3009DF00D8EBEE /* Frameworks */ = {
			isa = PBXFrameworksBuildPhase;
			buildActionMask = 2147483647;
			files = (
				FC7BDFA42A3063640099B02E /* Kingfisher in Frameworks */,
			);
			runOnlyForDeploymentPostprocessing = 0;
		};
/* End PBXFrameworksBuildPhase section */

/* Begin PBXGroup section */
		C24069C62A3009DF00D8EBEE = {
			isa = PBXGroup;
			children = (
				C24069D12A3009DF00D8EBEE /* DrinkApp */,
				C24069D02A3009DF00D8EBEE /* Products */,
			);
			sourceTree = "<group>";
		};
		C24069D02A3009DF00D8EBEE /* Products */ = {
			isa = PBXGroup;
			children = (
				C24069CF2A3009DF00D8EBEE /* DrinkApp.app */,
			);
			name = Products;
			sourceTree = "<group>";
		};
		C24069D12A3009DF00D8EBEE /* DrinkApp */ = {
			isa = PBXGroup;
			children = (
				FC23823A2A354B99008D0ABC /* Model */,
				FC5FF3D72A525F5D00A7C417 /* View */,
				FC2382392A354B85008D0ABC /* Controller */,
				C24069D82A3009DF00D8EBEE /* Main.storyboard */,
				C24069DB2A3009E000D8EBEE /* Assets.xcassets */,
				C24069DD2A3009E000D8EBEE /* LaunchScreen.storyboard */,
				C24069E02A3009E000D8EBEE /* Info.plist */,
			);
			path = DrinkApp;
			sourceTree = "<group>";
		};
		FC2382392A354B85008D0ABC /* Controller */ = {
			isa = PBXGroup;
			children = (
				C24069D22A3009DF00D8EBEE /* AppDelegate.swift */,
				C24069D42A3009DF00D8EBEE /* SceneDelegate.swift */,
				FC3ED9892A36014B0064F555 /* DetailViewController.swift */,
				C24069D62A3009DF00D8EBEE /* DrinkViewController.swift */,
				FC307C222A3743D60038F0B9 /* OrderViewController.swift */,
				FC60C3032A3E09E3007AF272 /* CustomTableViewController.swift */,
				FC307C282A3748780038F0B9 /* DrinkController.swift */,
				FC9A3FA22A428F7B00E16075 /* UploadOrderController.swift */,
				FC5B3D342A4BE68E008B6ED2 /* UpdateController.swift */,
				FCFE118A2A45B68800C8DC27 /* SavedDrinkController.swift */,
				FC536EDD2A4D3FD600E55249 /* DeleteController.swift */,
				FCFE11822A45845E00C8DC27 /* PayTableViewController.swift */,
				FC5C6B622A4D7EA6004845EA /* LoginViewController.swift */,
				FC5C6B642A4D80B3004845EA /* RegistViewController.swift */,
			);
			path = Controller;
			sourceTree = "<group>";
		};
		FC23823A2A354B99008D0ABC /* Model */ = {
			isa = PBXGroup;
			children = (
				C24069EA2A30473000D8EBEE /* Drink.swift */,
				FC6ABC652A3ECAB7005BFAA8 /* custom.swift */,
				C20D9A492A32D93700BE2A23 /* category.swift */,
				FC517AFD2A417B0B00B9F569 /* sizeLevel.swift */,
				FC517B032A4180CB00B9F569 /* jelly.swift */,
				FC517B012A417DE600B9F569 /* iceLevel.swift */,
				FC517AFF2A417C9300B9F569 /* sugarLevel.swift */,
				FC5C6B662A4D80F7004845EA /* User.swift */,
			);
			path = Model;
			sourceTree = "<group>";
		};
		FC5FF3D72A525F5D00A7C417 /* View */ = {
			isa = PBXGroup;
			children = (
				C24069E82A3037CC00D8EBEE /* DrinkTableViewCell.swift */,
				FC307C262A3746D00038F0B9 /* OrderCollectionViewCell.swift */,
				FCFE11842A4589F500C8DC27 /* PaymentTableViewCell.swift */,
				C255E08B2A3842E200108FAF /* HeaderView.swift */,
			);
			path = View;
			sourceTree = "<group>";
		};
/* End PBXGroup section */

/* Begin PBXNativeTarget section */
		C24069CE2A3009DF00D8EBEE /* DrinkApp */ = {
			isa = PBXNativeTarget;
			buildConfigurationList = C24069E32A3009E000D8EBEE /* Build configuration list for PBXNativeTarget "DrinkApp" */;
			buildPhases = (
				C24069CB2A3009DF00D8EBEE /* Sources */,
				C24069CC2A3009DF00D8EBEE /* Frameworks */,
				C24069CD2A3009DF00D8EBEE /* Resources */,
			);
			buildRules = (
			);
			dependencies = (
			);
			name = DrinkApp;
			packageProductDependencies = (
				FC7BDFA32A3063640099B02E /* Kingfisher */,
			);
			productName = DrinkApp;
			productReference = C24069CF2A3009DF00D8EBEE /* DrinkApp.app */;
			productType = "com.apple.product-type.application";
		};
/* End PBXNativeTarget section */

/* Begin PBXProject section */
		C24069C72A3009DF00D8EBEE /* Project object */ = {
			isa = PBXProject;
			attributes = {
				BuildIndependentTargetsInParallel = 1;
				LastSwiftUpdateCheck = 1430;
				LastUpgradeCheck = 1430;
				TargetAttributes = {
					C24069CE2A3009DF00D8EBEE = {
						CreatedOnToolsVersion = 14.3;
					};
				};
			};
			buildConfigurationList = C24069CA2A3009DF00D8EBEE /* Build configuration list for PBXProject "DrinkApp" */;
			compatibilityVersion = "Xcode 14.0";
			developmentRegion = en;
			hasScannedForEncodings = 0;
			knownRegions = (
				en,
				Base,
			);
			mainGroup = C24069C62A3009DF00D8EBEE;
			packageReferences = (
				FC7BDFA22A3063640099B02E /* XCRemoteSwiftPackageReference "Kingfisher" */,
			);
			productRefGroup = C24069D02A3009DF00D8EBEE /* Products */;
			projectDirPath = "";
			projectRoot = "";
			targets = (
				C24069CE2A3009DF00D8EBEE /* DrinkApp */,
			);
		};
/* End PBXProject section */

/* Begin PBXResourcesBuildPhase section */
		C24069CD2A3009DF00D8EBEE /* Resources */ = {
			isa = PBXResourcesBuildPhase;
			buildActionMask = 2147483647;
			files = (
				C24069DF2A3009E000D8EBEE /* LaunchScreen.storyboard in Resources */,
				C24069DC2A3009E000D8EBEE /* Assets.xcassets in Resources */,
				C24069DA2A3009DF00D8EBEE /* Main.storyboard in Resources */,
			);
			runOnlyForDeploymentPostprocessing = 0;
		};
/* End PBXResourcesBuildPhase section */

/* Begin PBXSourcesBuildPhase section */
		C24069CB2A3009DF00D8EBEE /* Sources */ = {
			isa = PBXSourcesBuildPhase;
			buildActionMask = 2147483647;
			files = (
				FC3ED98A2A36014B0064F555 /* DetailViewController.swift in Sources */,
				FC307C232A3743D60038F0B9 /* OrderViewController.swift in Sources */,
				FC517B022A417DE600B9F569 /* iceLevel.swift in Sources */,
				C20D9A4A2A32D93700BE2A23 /* category.swift in Sources */,
				FC5B3D352A4BE68E008B6ED2 /* UpdateController.swift in Sources */,
				FC517AFE2A417B0B00B9F569 /* sizeLevel.swift in Sources */,
				FCFE118B2A45B68800C8DC27 /* SavedDrinkController.swift in Sources */,
				FC9A3FA32A428F7B00E16075 /* UploadOrderController.swift in Sources */,
				FC6ABC662A3ECAB7005BFAA8 /* custom.swift in Sources */,
				FC307C292A3748780038F0B9 /* DrinkController.swift in Sources */,
				FC5C6B652A4D80B3004845EA /* RegistViewController.swift in Sources */,
				FC60C3042A3E09E3007AF272 /* CustomTableViewController.swift in Sources */,
				C24069D72A3009DF00D8EBEE /* DrinkViewController.swift in Sources */,
				FC5C6B672A4D80F7004845EA /* User.swift in Sources */,
				FC5C6B632A4D7EA6004845EA /* LoginViewController.swift in Sources */,
				FCFE11852A4589F500C8DC27 /* PaymentTableViewCell.swift in Sources */,
				FC307C272A3746D00038F0B9 /* OrderCollectionViewCell.swift in Sources */,
				FC536EDE2A4D3FD600E55249 /* DeleteController.swift in Sources */,
				FC517B042A4180CB00B9F569 /* jelly.swift in Sources */,
				C24069D32A3009DF00D8EBEE /* AppDelegate.swift in Sources */,
				C255E08C2A3842E200108FAF /* HeaderView.swift in Sources */,
				C24069D52A3009DF00D8EBEE /* SceneDelegate.swift in Sources */,
				FC517B002A417C9300B9F569 /* sugarLevel.swift in Sources */,
				C24069EB2A30473000D8EBEE /* Drink.swift in Sources */,
				C24069E92A3037CC00D8EBEE /* DrinkTableViewCell.swift in Sources */,
				FCFE11832A45845E00C8DC27 /* PayTableViewController.swift in Sources */,
			);
			runOnlyForDeploymentPostprocessing = 0;
		};
/* End PBXSourcesBuildPhase section */

/* Begin PBXVariantGroup section */
		C24069D82A3009DF00D8EBEE /* Main.storyboard */ = {
			isa = PBXVariantGroup;
			children = (
				C24069D92A3009DF00D8EBEE /* Base */,
			);
			name = Main.storyboard;
			sourceTree = "<group>";
		};
		C24069DD2A3009E000D8EBEE /* LaunchScreen.storyboard */ = {
			isa = PBXVariantGroup;
			children = (
				C24069DE2A3009E000D8EBEE /* Base */,
			);
			name = LaunchScreen.storyboard;
			sourceTree = "<group>";
		};
/* End PBXVariantGroup section */

/* Begin XCBuildConfiguration section */
		C24069E12A3009E000D8EBEE /* Debug */ = {
			isa = XCBuildConfiguration;
			buildSettings = {
				ALWAYS_SEARCH_USER_PATHS = NO;
				CLANG_ANALYZER_NONNULL = YES;
				CLANG_ANALYZER_NUMBER_OBJECT_CONVERSION = YES_AGGRESSIVE;
				CLANG_CXX_LANGUAGE_STANDARD = "gnu++20";
				CLANG_ENABLE_MODULES = YES;
				CLANG_ENABLE_OBJC_ARC = YES;
				CLANG_ENABLE_OBJC_WEAK = YES;
				CLANG_WARN_BLOCK_CAPTURE_AUTORELEASING = YES;
				CLANG_WARN_BOOL_CONVERSION = YES;
				CLANG_WARN_COMMA = YES;
				CLANG_WARN_CONSTANT_CONVERSION = YES;
				CLANG_WARN_DEPRECATED_OBJC_IMPLEMENTATIONS = YES;
				CLANG_WARN_DIRECT_OBJC_ISA_USAGE = YES_ERROR;
				CLANG_WARN_DOCUMENTATION_COMMENTS = YES;
				CLANG_WARN_EMPTY_BODY = YES;
				CLANG_WARN_ENUM_CONVERSION = YES;
				CLANG_WARN_INFINITE_RECURSION = YES;
				CLANG_WARN_INT_CONVERSION = YES;
				CLANG_WARN_NON_LITERAL_NULL_CONVERSION = YES;
				CLANG_WARN_OBJC_IMPLICIT_RETAIN_SELF = YES;
				CLANG_WARN_OBJC_LITERAL_CONVERSION = YES;
				CLANG_WARN_OBJC_ROOT_CLASS = YES_ERROR;
				CLANG_WARN_QUOTED_INCLUDE_IN_FRAMEWORK_HEADER = YES;
				CLANG_WARN_RANGE_LOOP_ANALYSIS = YES;
				CLANG_WARN_STRICT_PROTOTYPES = YES;
				CLANG_WARN_SUSPICIOUS_MOVE = YES;
				CLANG_WARN_UNGUARDED_AVAILABILITY = YES_AGGRESSIVE;
				CLANG_WARN_UNREACHABLE_CODE = YES;
				CLANG_WARN__DUPLICATE_METHOD_MATCH = YES;
				COPY_PHASE_STRIP = NO;
				DEBUG_INFORMATION_FORMAT = dwarf;
				ENABLE_STRICT_OBJC_MSGSEND = YES;
				ENABLE_TESTABILITY = YES;
				GCC_C_LANGUAGE_STANDARD = gnu11;
				GCC_DYNAMIC_NO_PIC = NO;
				GCC_NO_COMMON_BLOCKS = YES;
				GCC_OPTIMIZATION_LEVEL = 0;
				GCC_PREPROCESSOR_DEFINITIONS = (
					"DEBUG=1",
					"$(inherited)",
				);
				GCC_WARN_64_TO_32_BIT_CONVERSION = YES;
				GCC_WARN_ABOUT_RETURN_TYPE = YES_ERROR;
				GCC_WARN_UNDECLARED_SELECTOR = YES;
				GCC_WARN_UNINITIALIZED_AUTOS = YES_AGGRESSIVE;
				GCC_WARN_UNUSED_FUNCTION = YES;
				GCC_WARN_UNUSED_VARIABLE = YES;
				IPHONEOS_DEPLOYMENT_TARGET = 16.4;
				MTL_ENABLE_DEBUG_INFO = INCLUDE_SOURCE;
				MTL_FAST_MATH = YES;
				ONLY_ACTIVE_ARCH = YES;
				SDKROOT = iphoneos;
				SWIFT_ACTIVE_COMPILATION_CONDITIONS = DEBUG;
				SWIFT_OPTIMIZATION_LEVEL = "-Onone";
			};
			name = Debug;
		};
		C24069E22A3009E000D8EBEE /* Release */ = {
			isa = XCBuildConfiguration;
			buildSettings = {
				ALWAYS_SEARCH_USER_PATHS = NO;
				CLANG_ANALYZER_NONNULL = YES;
				CLANG_ANALYZER_NUMBER_OBJECT_CONVERSION = YES_AGGRESSIVE;
				CLANG_CXX_LANGUAGE_STANDARD = "gnu++20";
				CLANG_ENABLE_MODULES = YES;
				CLANG_ENABLE_OBJC_ARC = YES;
				CLANG_ENABLE_OBJC_WEAK = YES;
				CLANG_WARN_BLOCK_CAPTURE_AUTORELEASING = YES;
				CLANG_WARN_BOOL_CONVERSION = YES;
				CLANG_WARN_COMMA = YES;
				CLANG_WARN_CONSTANT_CONVERSION = YES;
				CLANG_WARN_DEPRECATED_OBJC_IMPLEMENTATIONS = YES;
				CLANG_WARN_DIRECT_OBJC_ISA_USAGE = YES_ERROR;
				CLANG_WARN_DOCUMENTATION_COMMENTS = YES;
				CLANG_WARN_EMPTY_BODY = YES;
				CLANG_WARN_ENUM_CONVERSION = YES;
				CLANG_WARN_INFINITE_RECURSION = YES;
				CLANG_WARN_INT_CONVERSION = YES;
				CLANG_WARN_NON_LITERAL_NULL_CONVERSION = YES;
				CLANG_WARN_OBJC_IMPLICIT_RETAIN_SELF = YES;
				CLANG_WARN_OBJC_LITERAL_CONVERSION = YES;
				CLANG_WARN_OBJC_ROOT_CLASS = YES_ERROR;
				CLANG_WARN_QUOTED_INCLUDE_IN_FRAMEWORK_HEADER = YES;
				CLANG_WARN_RANGE_LOOP_ANALYSIS = YES;
				CLANG_WARN_STRICT_PROTOTYPES = YES;
				CLANG_WARN_SUSPICIOUS_MOVE = YES;
				CLANG_WARN_UNGUARDED_AVAILABILITY = YES_AGGRESSIVE;
				CLANG_WARN_UNREACHABLE_CODE = YES;
				CLANG_WARN__DUPLICATE_METHOD_MATCH = YES;
				COPY_PHASE_STRIP = NO;
				DEBUG_INFORMATION_FORMAT = "dwarf-with-dsym";
				ENABLE_NS_ASSERTIONS = NO;
				ENABLE_STRICT_OBJC_MSGSEND = YES;
				GCC_C_LANGUAGE_STANDARD = gnu11;
				GCC_NO_COMMON_BLOCKS = YES;
				GCC_WARN_64_TO_32_BIT_CONVERSION = YES;
				GCC_WARN_ABOUT_RETURN_TYPE = YES_ERROR;
				GCC_WARN_UNDECLARED_SELECTOR = YES;
				GCC_WARN_UNINITIALIZED_AUTOS = YES_AGGRESSIVE;
				GCC_WARN_UNUSED_FUNCTION = YES;
				GCC_WARN_UNUSED_VARIABLE = YES;
				IPHONEOS_DEPLOYMENT_TARGET = 16.4;
				MTL_ENABLE_DEBUG_INFO = NO;
				MTL_FAST_MATH = YES;
				SDKROOT = iphoneos;
				SWIFT_COMPILATION_MODE = wholemodule;
				SWIFT_OPTIMIZATION_LEVEL = "-O";
				VALIDATE_PRODUCT = YES;
			};
			name = Release;
		};
		C24069E42A3009E000D8EBEE /* Debug */ = {
			isa = XCBuildConfiguration;
			buildSettings = {
				ASSETCATALOG_COMPILER_APPICON_NAME = AppIcon;
				ASSETCATALOG_COMPILER_GLOBAL_ACCENT_COLOR_NAME = AccentColor;
				CODE_SIGN_STYLE = Automatic;
				CURRENT_PROJECT_VERSION = 1;
				DEVELOPMENT_TEAM = WY78FBFM76;
				GENERATE_INFOPLIST_FILE = YES;
				INFOPLIST_FILE = DrinkApp/Info.plist;
				INFOPLIST_KEY_UIApplicationSupportsIndirectInputEvents = YES;
				INFOPLIST_KEY_UILaunchStoryboardName = LaunchScreen;
				INFOPLIST_KEY_UIMainStoryboardFile = Main;
				INFOPLIST_KEY_UISupportedInterfaceOrientations_iPad = "UIInterfaceOrientationPortrait UIInterfaceOrientationPortraitUpsideDown UIInterfaceOrientationLandscapeLeft UIInterfaceOrientationLandscapeRight";
				INFOPLIST_KEY_UISupportedInterfaceOrientations_iPhone = "UIInterfaceOrientationPortrait UIInterfaceOrientationLandscapeLeft UIInterfaceOrientationLandscapeRight";
				LD_RUNPATH_SEARCH_PATHS = (
					"$(inherited)",
					"@executable_path/Frameworks",
				);
				MARKETING_VERSION = 1.0;
				PRODUCT_BUNDLE_IDENTIFIER = JeffApp.DrinkApp;
				PRODUCT_NAME = "$(TARGET_NAME)";
				SWIFT_EMIT_LOC_STRINGS = YES;
				SWIFT_VERSION = 5.0;
				TARGETED_DEVICE_FAMILY = "1,2";
			};
			name = Debug;
		};
		C24069E52A3009E000D8EBEE /* Release */ = {
			isa = XCBuildConfiguration;
			buildSettings = {
				ASSETCATALOG_COMPILER_APPICON_NAME = AppIcon;
				ASSETCATALOG_COMPILER_GLOBAL_ACCENT_COLOR_NAME = AccentColor;
				CODE_SIGN_STYLE = Automatic;
				CURRENT_PROJECT_VERSION = 1;
				DEVELOPMENT_TEAM = WY78FBFM76;
				GENERATE_INFOPLIST_FILE = YES;
				INFOPLIST_FILE = DrinkApp/Info.plist;
				INFOPLIST_KEY_UIApplicationSupportsIndirectInputEvents = YES;
				INFOPLIST_KEY_UILaunchStoryboardName = LaunchScreen;
				INFOPLIST_KEY_UIMainStoryboardFile = Main;
				INFOPLIST_KEY_UISupportedInterfaceOrientations_iPad = "UIInterfaceOrientationPortrait UIInterfaceOrientationPortraitUpsideDown UIInterfaceOrientationLandscapeLeft UIInterfaceOrientationLandscapeRight";
				INFOPLIST_KEY_UISupportedInterfaceOrientations_iPhone = "UIInterfaceOrientationPortrait UIInterfaceOrientationLandscapeLeft UIInterfaceOrientationLandscapeRight";
				LD_RUNPATH_SEARCH_PATHS = (
					"$(inherited)",
					"@executable_path/Frameworks",
				);
				MARKETING_VERSION = 1.0;
				PRODUCT_BUNDLE_IDENTIFIER = JeffApp.DrinkApp;
				PRODUCT_NAME = "$(TARGET_NAME)";
				SWIFT_EMIT_LOC_STRINGS = YES;
				SWIFT_VERSION = 5.0;
				TARGETED_DEVICE_FAMILY = "1,2";
			};
			name = Release;
		};
/* End XCBuildConfiguration section */

/* Begin XCConfigurationList section */
		C24069CA2A3009DF00D8EBEE /* Build configuration list for PBXProject "DrinkApp" */ = {
			isa = XCConfigurationList;
			buildConfigurations = (
				C24069E12A3009E000D8EBEE /* Debug */,
				C24069E22A3009E000D8EBEE /* Release */,
			);
			defaultConfigurationIsVisible = 0;
			defaultConfigurationName = Release;
		};
		C24069E32A3009E000D8EBEE /* Build configuration list for PBXNativeTarget "DrinkApp" */ = {
			isa = XCConfigurationList;
			buildConfigurations = (
				C24069E42A3009E000D8EBEE /* Debug */,
				C24069E52A3009E000D8EBEE /* Release */,
			);
			defaultConfigurationIsVisible = 0;
			defaultConfigurationName = Release;
		};
/* End XCConfigurationList section */

/* Begin XCRemoteSwiftPackageReference section */
		FC7BDFA22A3063640099B02E /* XCRemoteSwiftPackageReference "Kingfisher" */ = {
			isa = XCRemoteSwiftPackageReference;
			repositoryURL = "https://github.com/onevcat/Kingfisher";
			requirement = {
				kind = upToNextMajorVersion;
				minimumVersion = 7.0.0;
			};
		};
/* End XCRemoteSwiftPackageReference section */

/* Begin XCSwiftPackageProductDependency section */
		FC7BDFA32A3063640099B02E /* Kingfisher */ = {
			isa = XCSwiftPackageProductDependency;
			package = FC7BDFA22A3063640099B02E /* XCRemoteSwiftPackageReference "Kingfisher" */;
			productName = Kingfisher;
		};
/* End XCSwiftPackageProductDependency section */
	};
	rootObject = C24069C72A3009DF00D8EBEE /* Project object */;
}
